
Microsoft Visual Studio Solution File, Format Version 12.00
# Visual Studio Version 17
VisualStudioVersion = 17.7.34202.233
MinimumVisualStudioVersion = 10.0.40219.1
Project("{FAE04EC0-301F-11D3-BF4B-00C04F79EFBC}") = "AlgoritmoHeuristicoUNA", "AlgoritmoHeuristicoUNA.csproj", "{18D94899-2080-43F4-9D23-2A19E25668E8}"
EndProject
Global
	GlobalSection(SolutionConfigurationPlatforms) = preSolution
		Debug|Any CPU = Debug|Any CPU
		Release|Any CPU = Release|Any CPU
	EndGlobalSection
	GlobalSection(ProjectConfigurationPlatforms) = postSolution
		{18D94899-2080-43F4-9D23-2A19E25668E8}.Debug|Any CPU.ActiveCfg = Debug|Any CPU
		{18D94899-2080-43F4-9D23-2A19E25668E8}.Debug|Any CPU.Build.0 = Debug|Any CPU
		{18D94899-2080-43F4-9D23-2A19E25668E8}.Release|Any CPU.ActiveCfg = Release|Any CPU
		{18D94899-2080-43F4-9D23-2A19E25668E8}.Release|Any CPU.Build.0 = Release|Any CPU
	EndGlobalSection
	GlobalSection(SolutionProperties) = preSolution
		HideSolutionNode = FALSE
	EndGlobalSection
	GlobalSection(ExtensibilityGlobals) = postSolution
		SolutionGuid = {125DAA19-4463-4FCA-9DA4-25725EE0D869}
	EndGlobalSection
EndGlobal
